
Microsoft Visual Studio Solution File, Format Version 12.00
# Visual Studio Version 17
VisualStudioVersion = 17.14.36221.1
MinimumVisualStudioVersion = 10.0.40219.1
Project("{FAE04EC0-301F-11D3-BF4B-00C04F79EFBC}") = "LazyMigrate", "LazyMigrate.csproj", "{77E957A9-A7E7-4BD0-A514-A1133AEB15D5}"
EndProject
Global
	GlobalSection(SolutionConfigurationPlatforms) = preSolution
		Debug|Any CPU = Debug|Any CPU
		Release|Any CPU = Release|Any CPU
	EndGlobalSection
	GlobalSection(ProjectConfigurationPlatforms) = postSolution
		{77E957A9-A7E7-4BD0-A514-A1133AEB15D5}.Debug|Any CPU.ActiveCfg = Debug|Any CPU
		{77E957A9-A7E7-4BD0-A514-A1133AEB15D5}.Debug|Any CPU.Build.0 = Debug|Any CPU
		{77E957A9-A7E7-4BD0-A514-A1133AEB15D5}.Release|Any CPU.ActiveCfg = Release|Any CPU
		{77E957A9-A7E7-4BD0-A514-A1133AEB15D5}.Release|Any CPU.Build.0 = Release|Any CPU
	EndGlobalSection
	GlobalSection(SolutionProperties) = preSolution
		HideSolutionNode = FALSE
	EndGlobalSection
	GlobalSection(ExtensibilityGlobals) = postSolution
		SolutionGuid = {E91480F2-CA40-477F-8BDB-2D829C14A5DF}
	EndGlobalSection
EndGlobal
